// !$*UTF8*$!
{
	archiveVersion = 1;
	classes = {
	};
	objectVersion = 50;
	objects = {

/* Begin PBXBuildFile section */
		6EA8D1F1253A18CC006F8C0D /* AppDelegate.swift in Sources */ = {isa = PBXBuildFile; fileRef = 6EA8D1F0253A18CC006F8C0D /* AppDelegate.swift */; };
		6EA8D1F3253A18CC006F8C0D /* SceneDelegate.swift in Sources */ = {isa = PBXBuildFile; fileRef = 6EA8D1F2253A18CC006F8C0D /* SceneDelegate.swift */; };
		6EA8D1F5253A18CC006F8C0D /* ViewController.swift in Sources */ = {isa = PBXBuildFile; fileRef = 6EA8D1F4253A18CC006F8C0D /* ViewController.swift */; };
		6EA8D1F8253A18CC006F8C0D /* Main.storyboard in Resources */ = {isa = PBXBuildFile; fileRef = 6EA8D1F6253A18CC006F8C0D /* Main.storyboard */; };
		6EA8D1FB253A18CC006F8C0D /* TheFavoriteFilmApp.xcdatamodeld in Sources */ = {isa = PBXBuildFile; fileRef = 6EA8D1F9253A18CC006F8C0D /* TheFavoriteFilmApp.xcdatamodeld */; };
		6EA8D1FD253A18CD006F8C0D /* Assets.xcassets in Resources */ = {isa = PBXBuildFile; fileRef = 6EA8D1FC253A18CD006F8C0D /* Assets.xcassets */; };
		6EA8D200253A18CD006F8C0D /* LaunchScreen.storyboard in Resources */ = {isa = PBXBuildFile; fileRef = 6EA8D1FE253A18CD006F8C0D /* LaunchScreen.storyboard */; };
		6EA8D20B253A18CE006F8C0D /* TheFavoriteFilmAppTests.swift in Sources */ = {isa = PBXBuildFile; fileRef = 6EA8D20A253A18CE006F8C0D /* TheFavoriteFilmAppTests.swift */; };
		6EA8D216253A18CE006F8C0D /* TheFavoriteFilmAppUITests.swift in Sources */ = {isa = PBXBuildFile; fileRef = 6EA8D215253A18CE006F8C0D /* TheFavoriteFilmAppUITests.swift */; };
/* End PBXBuildFile section */

/* Begin PBXContainerItemProxy section */
		6EA8D207253A18CE006F8C0D /* PBXContainerItemProxy */ = {
			isa = PBXContainerItemProxy;
			containerPortal = 6EA8D1E5253A18CC006F8C0D /* Project object */;
			proxyType = 1;
			remoteGlobalIDString = 6EA8D1EC253A18CC006F8C0D;
			remoteInfo = TheFavoriteFilmApp;
		};
		6EA8D212253A18CE006F8C0D /* PBXContainerItemProxy */ = {
			isa = PBXContainerItemProxy;
			containerPortal = 6EA8D1E5253A18CC006F8C0D /* Project object */;
			proxyType = 1;
			remoteGlobalIDString = 6EA8D1EC253A18CC006F8C0D;
			remoteInfo = TheFavoriteFilmApp;
		};
/* End PBXContainerItemProxy section */

/* Begin PBXFileReference section */
		6EA8D1ED253A18CC006F8C0D /* TheFavoriteFilmApp.app */ = {isa = PBXFileReference; explicitFileType = wrapper.application; includeInIndex = 0; path = TheFavoriteFilmApp.app; sourceTree = BUILT_PRODUCTS_DIR; };
		6EA8D1F0253A18CC006F8C0D /* AppDelegate.swift */ = {isa = PBXFileReference; lastKnownFileType = sourcecode.swift; path = AppDelegate.swift; sourceTree = "<group>"; };
		6EA8D1F2253A18CC006F8C0D /* SceneDelegate.swift */ = {isa = PBXFileReference; lastKnownFileType = sourcecode.swift; path = SceneDelegate.swift; sourceTree = "<group>"; };
		6EA8D1F4253A18CC006F8C0D /* ViewController.swift */ = {isa = PBXFileReference; lastKnownFileType = sourcecode.swift; path = ViewController.swift; sourceTree = "<group>"; };
		6EA8D1F7253A18CC006F8C0D /* Base */ = {isa = PBXFileReference; lastKnownFileType = file.storyboard; name = Base; path = Base.lproj/Main.storyboard; sourceTree = "<group>"; };
		6EA8D1FA253A18CC006F8C0D /* TheFavoriteFilmApp.xcdatamodel */ = {isa = PBXFileReference; lastKnownFileType = wrapper.xcdatamodel; path = TheFavoriteFilmApp.xcdatamodel; sourceTree = "<group>"; };
		6EA8D1FC253A18CD006F8C0D /* Assets.xcassets */ = {isa = PBXFileReference; lastKnownFileType = folder.assetcatalog; path = Assets.xcassets; sourceTree = "<group>"; };
		6EA8D1FF253A18CD006F8C0D /* Base */ = {isa = PBXFileReference; lastKnownFileType = file.storyboard; name = Base; path = Base.lproj/LaunchScreen.storyboard; sourceTree = "<group>"; };
		6EA8D201253A18CD006F8C0D /* Info.plist */ = {isa = PBXFileReference; lastKnownFileType = text.plist.xml; path = Info.plist; sourceTree = "<group>"; };
		6EA8D206253A18CE006F8C0D /* TheFavoriteFilmAppTests.xctest */ = {isa = PBXFileReference; explicitFileType = wrapper.cfbundle; includeInIndex = 0; path = TheFavoriteFilmAppTests.xctest; sourceTree = BUILT_PRODUCTS_DIR; };
		6EA8D20A253A18CE006F8C0D /* TheFavoriteFilmAppTests.swift */ = {isa = PBXFileReference; lastKnownFileType = sourcecode.swift; path = TheFavoriteFilmAppTests.swift; sourceTree = "<group>"; };
		6EA8D20C253A18CE006F8C0D /* Info.plist */ = {isa = PBXFileReference; lastKnownFileType = text.plist.xml; path = Info.plist; sourceTree = "<group>"; };
		6EA8D211253A18CE006F8C0D /* TheFavoriteFilmAppUITests.xctest */ = {isa = PBXFileReference; explicitFileType = wrapper.cfbundle; includeInIndex = 0; path = TheFavoriteFilmAppUITests.xctest; sourceTree = BUILT_PRODUCTS_DIR; };
		6EA8D215253A18CE006F8C0D /* TheFavoriteFilmAppUITests.swift */ = {isa = PBXFileReference; lastKnownFileType = sourcecode.swift; path = TheFavoriteFilmAppUITests.swift; sourceTree = "<group>"; };
		6EA8D217253A18CE006F8C0D /* Info.plist */ = {isa = PBXFileReference; lastKnownFileType = text.plist.xml; path = Info.plist; sourceTree = "<group>"; };
/* End PBXFileReference section */

/* Begin PBXFrameworksBuildPhase section */
		6EA8D1EA253A18CC006F8C0D /* Frameworks */ = {
			isa = PBXFrameworksBuildPhase;
			buildActionMask = 2147483647;
			files = (
			);
			runOnlyForDeploymentPostprocessing = 0;
		};
		6EA8D203253A18CE006F8C0D /* Frameworks */ = {
			isa = PBXFrameworksBuildPhase;
			buildActionMask = 2147483647;
			files = (
			);
			runOnlyForDeploymentPostprocessing = 0;
		};
		6EA8D20E253A18CE006F8C0D /* Frameworks */ = {
			isa = PBXFrameworksBuildPhase;
			buildActionMask = 2147483647;
			files = (
			);
			runOnlyForDeploymentPostprocessing = 0;
		};
/* End PBXFrameworksBuildPhase section */

/* Begin PBXGroup section */
		6EA8D1E4253A18CC006F8C0D = {
			isa = PBXGroup;
			children = (
				6EA8D1EF253A18CC006F8C0D /* TheFavoriteFilmApp */,
				6EA8D209253A18CE006F8C0D /* TheFavoriteFilmAppTests */,
				6EA8D214253A18CE006F8C0D /* TheFavoriteFilmAppUITests */,
				6EA8D1EE253A18CC006F8C0D /* Products */,
			);
			sourceTree = "<group>";
		};
		6EA8D1EE253A18CC006F8C0D /* Products */ = {
			isa = PBXGroup;
			children = (
				6EA8D1ED253A18CC006F8C0D /* TheFavoriteFilmApp.app */,
				6EA8D206253A18CE006F8C0D /* TheFavoriteFilmAppTests.xctest */,
				6EA8D211253A18CE006F8C0D /* TheFavoriteFilmAppUITests.xctest */,
			);
			name = Products;
			sourceTree = "<group>";
		};
		6EA8D1EF253A18CC006F8C0D /* TheFavoriteFilmApp */ = {
			isa = PBXGroup;
			children = (
				6EA8D1F0253A18CC006F8C0D /* AppDelegate.swift */,
				6EA8D1F2253A18CC006F8C0D /* SceneDelegate.swift */,
				6EA8D1F4253A18CC006F8C0D /* ViewController.swift */,
				6EA8D1F6253A18CC006F8C0D /* Main.storyboard */,
				6EA8D1FC253A18CD006F8C0D /* Assets.xcassets */,
				6EA8D1FE253A18CD006F8C0D /* LaunchScreen.storyboard */,
				6EA8D201253A18CD006F8C0D /* Info.plist */,
				6EA8D1F9253A18CC006F8C0D /* TheFavoriteFilmApp.xcdatamodeld */,
			);
			path = TheFavoriteFilmApp;
			sourceTree = "<group>";
		};
		6EA8D209253A18CE006F8C0D /* TheFavoriteFilmAppTests */ = {
			isa = PBXGroup;
			children = (
				6EA8D20A253A18CE006F8C0D /* TheFavoriteFilmAppTests.swift */,
				6EA8D20C253A18CE006F8C0D /* Info.plist */,
			);
			path = TheFavoriteFilmAppTests;
			sourceTree = "<group>";
		};
		6EA8D214253A18CE006F8C0D /* TheFavoriteFilmAppUITests */ = {
			isa = PBXGroup;
			children = (
				6EA8D215253A18CE006F8C0D /* TheFavoriteFilmAppUITests.swift */,
				6EA8D217253A18CE006F8C0D /* Info.plist */,
			);
			path = TheFavoriteFilmAppUITests;
			sourceTree = "<group>";
		};
/* End PBXGroup section */

/* Begin PBXNativeTarget section */
		6EA8D1EC253A18CC006F8C0D /* TheFavoriteFilmApp */ = {
			isa = PBXNativeTarget;
			buildConfigurationList = 6EA8D21A253A18CE006F8C0D /* Build configuration list for PBXNativeTarget "TheFavoriteFilmApp" */;
			buildPhases = (
				6EA8D1E9253A18CC006F8C0D /* Sources */,
				6EA8D1EA253A18CC006F8C0D /* Frameworks */,
				6EA8D1EB253A18CC006F8C0D /* Resources */,
			);
			buildRules = (
			);
			dependencies = (
			);
			name = TheFavoriteFilmApp;
			productName = TheFavoriteFilmApp;
			productReference = 6EA8D1ED253A18CC006F8C0D /* TheFavoriteFilmApp.app */;
			productType = "com.apple.product-type.application";
		};
		6EA8D205253A18CE006F8C0D /* TheFavoriteFilmAppTests */ = {
			isa = PBXNativeTarget;
			buildConfigurationList = 6EA8D21D253A18CE006F8C0D /* Build configuration list for PBXNativeTarget "TheFavoriteFilmAppTests" */;
			buildPhases = (
				6EA8D202253A18CE006F8C0D /* Sources */,
				6EA8D203253A18CE006F8C0D /* Frameworks */,
				6EA8D204253A18CE006F8C0D /* Resources */,
			);
			buildRules = (
			);
			dependencies = (
				6EA8D208253A18CE006F8C0D /* PBXTargetDependency */,
			);
			name = TheFavoriteFilmAppTests;
			productName = TheFavoriteFilmAppTests;
			productReference = 6EA8D206253A18CE006F8C0D /* TheFavoriteFilmAppTests.xctest */;
			productType = "com.apple.product-type.bundle.unit-test";
		};
		6EA8D210253A18CE006F8C0D /* TheFavoriteFilmAppUITests */ = {
			isa = PBXNativeTarget;
			buildConfigurationList = 6EA8D220253A18CE006F8C0D /* Build configuration list for PBXNativeTarget "TheFavoriteFilmAppUITests" */;
			buildPhases = (
				6EA8D20D253A18CE006F8C0D /* Sources */,
				6EA8D20E253A18CE006F8C0D /* Frameworks */,
				6EA8D20F253A18CE006F8C0D /* Resources */,
			);
			buildRules = (
			);
			dependencies = (
				6EA8D213253A18CE006F8C0D /* PBXTargetDependency */,
			);
			name = TheFavoriteFilmAppUITests;
			productName = TheFavoriteFilmAppUITests;
			productReference = 6EA8D211253A18CE006F8C0D /* TheFavoriteFilmAppUITests.xctest */;
			productType = "com.apple.product-type.bundle.ui-testing";
		};
/* End PBXNativeTarget section */

/* Begin PBXProject section */
		6EA8D1E5253A18CC006F8C0D /* Project object */ = {
			isa = PBXProject;
			attributes = {
				LastSwiftUpdateCheck = 1200;
				LastUpgradeCheck = 1200;
				TargetAttributes = {
					6EA8D1EC253A18CC006F8C0D = {
						CreatedOnToolsVersion = 12.0.1;
					};
					6EA8D205253A18CE006F8C0D = {
						CreatedOnToolsVersion = 12.0.1;
						TestTargetID = 6EA8D1EC253A18CC006F8C0D;
					};
					6EA8D210253A18CE006F8C0D = {
						CreatedOnToolsVersion = 12.0.1;
						TestTargetID = 6EA8D1EC253A18CC006F8C0D;
					};
				};
			};
			buildConfigurationList = 6EA8D1E8253A18CC006F8C0D /* Build configuration list for PBXProject "TheFavoriteFilmApp" */;
			compatibilityVersion = "Xcode 9.3";
			developmentRegion = en;
			hasScannedForEncodings = 0;
			knownRegions = (
				en,
				Base,
			);
			mainGroup = 6EA8D1E4253A18CC006F8C0D;
			productRefGroup = 6EA8D1EE253A18CC006F8C0D /* Products */;
			projectDirPath = "";
			projectRoot = "";
			targets = (
				6EA8D1EC253A18CC006F8C0D /* TheFavoriteFilmApp */,
				6EA8D205253A18CE006F8C0D /* TheFavoriteFilmAppTests */,
				6EA8D210253A18CE006F8C0D /* TheFavoriteFilmAppUITests */,
			);
		};
/* End PBXProject section */

/* Begin PBXResourcesBuildPhase section */
		6EA8D1EB253A18CC006F8C0D /* Resources */ = {
			isa = PBXResourcesBuildPhase;
			buildActionMask = 2147483647;
			files = (
				6EA8D200253A18CD006F8C0D /* LaunchScreen.storyboard in Resources */,
				6EA8D1FD253A18CD006F8C0D /* Assets.xcassets in Resources */,
				6EA8D1F8253A18CC006F8C0D /* Main.storyboard in Resources */,
			);
			runOnlyForDeploymentPostprocessing = 0;
		};
		6EA8D204253A18CE006F8C0D /* Resources */ = {
			isa = PBXResourcesBuildPhase;
			buildActionMask = 2147483647;
			files = (
			);
			runOnlyForDeploymentPostprocessing = 0;
		};
		6EA8D20F253A18CE006F8C0D /* Resources */ = {
			isa = PBXResourcesBuildPhase;
			buildActionMask = 2147483647;
			files = (
			);
			runOnlyForDeploymentPostprocessing = 0;
		};
/* End PBXResourcesBuildPhase section */

/* Begin PBXSourcesBuildPhase section */
		6EA8D1E9253A18CC006F8C0D /* Sources */ = {
			isa = PBXSourcesBuildPhase;
			buildActionMask = 2147483647;
			files = (
				6EA8D1F5253A18CC006F8C0D /* ViewController.swift in Sources */,
				6EA8D1FB253A18CC006F8C0D /* TheFavoriteFilmApp.xcdatamodeld in Sources */,
				6EA8D1F1253A18CC006F8C0D /* AppDelegate.swift in Sources */,
				6EA8D1F3253A18CC006F8C0D /* SceneDelegate.swift in Sources */,
			);
			runOnlyForDeploymentPostprocessing = 0;
		};
		6EA8D202253A18CE006F8C0D /* Sources */ = {
			isa = PBXSourcesBuildPhase;
			buildActionMask = 2147483647;
			files = (
				6EA8D20B253A18CE006F8C0D /* TheFavoriteFilmAppTests.swift in Sources */,
			);
			runOnlyForDeploymentPostprocessing = 0;
		};
		6EA8D20D253A18CE006F8C0D /* Sources */ = {
			isa = PBXSourcesBuildPhase;
			buildActionMask = 2147483647;
			files = (
				6EA8D216253A18CE006F8C0D /* TheFavoriteFilmAppUITests.swift in Sources */,
			);
			runOnlyForDeploymentPostprocessing = 0;
		};
/* End PBXSourcesBuildPhase section */

/* Begin PBXTargetDependency section */
		6EA8D208253A18CE006F8C0D /* PBXTargetDependency */ = {
			isa = PBXTargetDependency;
			target = 6EA8D1EC253A18CC006F8C0D /* TheFavoriteFilmApp */;
			targetProxy = 6EA8D207253A18CE006F8C0D /* PBXContainerItemProxy */;
		};
		6EA8D213253A18CE006F8C0D /* PBXTargetDependency */ = {
			isa = PBXTargetDependency;
			target = 6EA8D1EC253A18CC006F8C0D /* TheFavoriteFilmApp */;
			targetProxy = 6EA8D212253A18CE006F8C0D /* PBXContainerItemProxy */;
		};
/* End PBXTargetDependency section */

/* Begin PBXVariantGroup section */
		6EA8D1F6253A18CC006F8C0D /* Main.storyboard */ = {
			isa = PBXVariantGroup;
			children = (
				6EA8D1F7253A18CC006F8C0D /* Base */,
			);
			name = Main.storyboard;
			sourceTree = "<group>";
		};
		6EA8D1FE253A18CD006F8C0D /* LaunchScreen.storyboard */ = {
			isa = PBXVariantGroup;
			children = (
				6EA8D1FF253A18CD006F8C0D /* Base */,
			);
			name = LaunchScreen.storyboard;
			sourceTree = "<group>";
		};
/* End PBXVariantGroup section */

/* Begin XCBuildConfiguration section */
		6EA8D218253A18CE006F8C0D /* Debug */ = {
			isa = XCBuildConfiguration;
			buildSettings = {
				ALWAYS_SEARCH_USER_PATHS = NO;
				CLANG_ANALYZER_NONNULL = YES;
				CLANG_ANALYZER_NUMBER_OBJECT_CONVERSION = YES_AGGRESSIVE;
				CLANG_CXX_LANGUAGE_STANDARD = "gnu++14";
				CLANG_CXX_LIBRARY = "libc++";
				CLANG_ENABLE_MODULES = YES;
				CLANG_ENABLE_OBJC_ARC = YES;
				CLANG_ENABLE_OBJC_WEAK = YES;
				CLANG_WARN_BLOCK_CAPTURE_AUTORELEASING = YES;
				CLANG_WARN_BOOL_CONVERSION = YES;
				CLANG_WARN_COMMA = YES;
				CLANG_WARN_CONSTANT_CONVERSION = YES;
				CLANG_WARN_DEPRECATED_OBJC_IMPLEMENTATIONS = YES;
				CLANG_WARN_DIRECT_OBJC_ISA_USAGE = YES_ERROR;
				CLANG_WARN_DOCUMENTATION_COMMENTS = YES;
				CLANG_WARN_EMPTY_BODY = YES;
				CLANG_WARN_ENUM_CONVERSION = YES;
				CLANG_WARN_INFINITE_RECURSION = YES;
				CLANG_WARN_INT_CONVERSION = YES;
				CLANG_WARN_NON_LITERAL_NULL_CONVERSION = YES;
				CLANG_WARN_OBJC_IMPLICIT_RETAIN_SELF = YES;
				CLANG_WARN_OBJC_LITERAL_CONVERSION = YES;
				CLANG_WARN_OBJC_ROOT_CLASS = YES_ERROR;
				CLANG_WARN_QUOTED_INCLUDE_IN_FRAMEWORK_HEADER = YES;
				CLANG_WARN_RANGE_LOOP_ANALYSIS = YES;
				CLANG_WARN_STRICT_PROTOTYPES = YES;
				CLANG_WARN_SUSPICIOUS_MOVE = YES;
				CLANG_WARN_UNGUARDED_AVAILABILITY = YES_AGGRESSIVE;
				CLANG_WARN_UNREACHABLE_CODE = YES;
				CLANG_WARN__DUPLICATE_METHOD_MATCH = YES;
				COPY_PHASE_STRIP = NO;
				DEBUG_INFORMATION_FORMAT = dwarf;
				ENABLE_STRICT_OBJC_MSGSEND = YES;
				ENABLE_TESTABILITY = YES;
				GCC_C_LANGUAGE_STANDARD = gnu11;
				GCC_DYNAMIC_NO_PIC = NO;
				GCC_NO_COMMON_BLOCKS = YES;
				GCC_OPTIMIZATION_LEVEL = 0;
				GCC_PREPROCESSOR_DEFINITIONS = (
					"DEBUG=1",
					"$(inherited)",
				);
				GCC_WARN_64_TO_32_BIT_CONVERSION = YES;
				GCC_WARN_ABOUT_RETURN_TYPE = YES_ERROR;
				GCC_WARN_UNDECLARED_SELECTOR = YES;
				GCC_WARN_UNINITIALIZED_AUTOS = YES_AGGRESSIVE;
				GCC_WARN_UNUSED_FUNCTION = YES;
				GCC_WARN_UNUSED_VARIABLE = YES;
				IPHONEOS_DEPLOYMENT_TARGET = 14.0;
				MTL_ENABLE_DEBUG_INFO = INCLUDE_SOURCE;
				MTL_FAST_MATH = YES;
				ONLY_ACTIVE_ARCH = YES;
				SDKROOT = iphoneos;
				SWIFT_ACTIVE_COMPILATION_CONDITIONS = DEBUG;
				SWIFT_OPTIMIZATION_LEVEL = "-Onone";
			};
			name = Debug;
		};
		6EA8D219253A18CE006F8C0D /* Release */ = {
			isa = XCBuildConfiguration;
			buildSettings = {
				ALWAYS_SEARCH_USER_PATHS = NO;
				CLANG_ANALYZER_NONNULL = YES;
				CLANG_ANALYZER_NUMBER_OBJECT_CONVERSION = YES_AGGRESSIVE;
				CLANG_CXX_LANGUAGE_STANDARD = "gnu++14";
				CLANG_CXX_LIBRARY = "libc++";
				CLANG_ENABLE_MODULES = YES;
				CLANG_ENABLE_OBJC_ARC = YES;
				CLANG_ENABLE_OBJC_WEAK = YES;
				CLANG_WARN_BLOCK_CAPTURE_AUTORELEASING = YES;
				CLANG_WARN_BOOL_CONVERSION = YES;
				CLANG_WARN_COMMA = YES;
				CLANG_WARN_CONSTANT_CONVERSION = YES;
				CLANG_WARN_DEPRECATED_OBJC_IMPLEMENTATIONS = YES;
				CLANG_WARN_DIRECT_OBJC_ISA_USAGE = YES_ERROR;
				CLANG_WARN_DOCUMENTATION_COMMENTS = YES;
				CLANG_WARN_EMPTY_BODY = YES;
				CLANG_WARN_ENUM_CONVERSION = YES;
				CLANG_WARN_INFINITE_RECURSION = YES;
				CLANG_WARN_INT_CONVERSION = YES;
				CLANG_WARN_NON_LITERAL_NULL_CONVERSION = YES;
				CLANG_WARN_OBJC_IMPLICIT_RETAIN_SELF = YES;
				CLANG_WARN_OBJC_LITERAL_CONVERSION = YES;
				CLANG_WARN_OBJC_ROOT_CLASS = YES_ERROR;
				CLANG_WARN_QUOTED_INCLUDE_IN_FRAMEWORK_HEADER = YES;
				CLANG_WARN_RANGE_LOOP_ANALYSIS = YES;
				CLANG_WARN_STRICT_PROTOTYPES = YES;
				CLANG_WARN_SUSPICIOUS_MOVE = YES;
				CLANG_WARN_UNGUARDED_AVAILABILITY = YES_AGGRESSIVE;
				CLANG_WARN_UNREACHABLE_CODE = YES;
				CLANG_WARN__DUPLICATE_METHOD_MATCH = YES;
				COPY_PHASE_STRIP = NO;
				DEBUG_INFORMATION_FORMAT = "dwarf-with-dsym";
				ENABLE_NS_ASSERTIONS = NO;
				ENABLE_STRICT_OBJC_MSGSEND = YES;
				GCC_C_LANGUAGE_STANDARD = gnu11;
				GCC_NO_COMMON_BLOCKS = YES;
				GCC_WARN_64_TO_32_BIT_CONVERSION = YES;
				GCC_WARN_ABOUT_RETURN_TYPE = YES_ERROR;
				GCC_WARN_UNDECLARED_SELECTOR = YES;
				GCC_WARN_UNINITIALIZED_AUTOS = YES_AGGRESSIVE;
				GCC_WARN_UNUSED_FUNCTION = YES;
				GCC_WARN_UNUSED_VARIABLE = YES;
				IPHONEOS_DEPLOYMENT_TARGET = 14.0;
				MTL_ENABLE_DEBUG_INFO = NO;
				MTL_FAST_MATH = YES;
				SDKROOT = iphoneos;
				SWIFT_COMPILATION_MODE = wholemodule;
				SWIFT_OPTIMIZATION_LEVEL = "-O";
				VALIDATE_PRODUCT = YES;
			};
			name = Release;
		};
		6EA8D21B253A18CE006F8C0D /* Debug */ = {
			isa = XCBuildConfiguration;
			buildSettings = {
				ASSETCATALOG_COMPILER_APPICON_NAME = AppIcon;
				ASSETCATALOG_COMPILER_GLOBAL_ACCENT_COLOR_NAME = AccentColor;
				CODE_SIGN_STYLE = Automatic;
				DEVELOPMENT_TEAM = WH57BD6FT7;
				INFOPLIST_FILE = TheFavoriteFilmApp/Info.plist;
				LD_RUNPATH_SEARCH_PATHS = (
					"$(inherited)",
					"@executable_path/Frameworks",
				);
				PRODUCT_BUNDLE_IDENTIFIER = com.phoenixdev.TheFavoriteFilmApp;
				PRODUCT_NAME = "$(TARGET_NAME)";
				SWIFT_VERSION = 5.0;
				TARGETED_DEVICE_FAMILY = "1,2";
			};
			name = Debug;
		};
		6EA8D21C253A18CE006F8C0D /* Release */ = {
			isa = XCBuildConfiguration;
			buildSettings = {
				ASSETCATALOG_COMPILER_APPICON_NAME = AppIcon;
				ASSETCATALOG_COMPILER_GLOBAL_ACCENT_COLOR_NAME = AccentColor;
				CODE_SIGN_STYLE = Automatic;
				DEVELOPMENT_TEAM = WH57BD6FT7;
				INFOPLIST_FILE = TheFavoriteFilmApp/Info.plist;
				LD_RUNPATH_SEARCH_PATHS = (
					"$(inherited)",
					"@executable_path/Frameworks",
				);
				PRODUCT_BUNDLE_IDENTIFIER = com.phoenixdev.TheFavoriteFilmApp;
				PRODUCT_NAME = "$(TARGET_NAME)";
				SWIFT_VERSION = 5.0;
				TARGETED_DEVICE_FAMILY = "1,2";
			};
			name = Release;
		};
		6EA8D21E253A18CE006F8C0D /* Debug */ = {
			isa = XCBuildConfiguration;
			buildSettings = {
				ALWAYS_EMBED_SWIFT_STANDARD_LIBRARIES = YES;
				BUNDLE_LOADER = "$(TEST_HOST)";
				CODE_SIGN_STYLE = Automatic;
				DEVELOPMENT_TEAM = WH57BD6FT7;
				INFOPLIST_FILE = TheFavoriteFilmAppTests/Info.plist;
				IPHONEOS_DEPLOYMENT_TARGET = 14.0;
				LD_RUNPATH_SEARCH_PATHS = (
					"$(inherited)",
					"@executable_path/Frameworks",
					"@loader_path/Frameworks",
				);
				PRODUCT_BUNDLE_IDENTIFIER = com.phoenixdev.TheFavoriteFilmAppTests;
				PRODUCT_NAME = "$(TARGET_NAME)";
				SWIFT_VERSION = 5.0;
				TARGETED_DEVICE_FAMILY = "1,2";
				TEST_HOST = "$(BUILT_PRODUCTS_DIR)/TheFavoriteFilmApp.app/TheFavoriteFilmApp";
			};
			name = Debug;
		};
		6EA8D21F253A18CE006F8C0D /* Release */ = {
			isa = XCBuildConfiguration;
			buildSettings = {
				ALWAYS_EMBED_SWIFT_STANDARD_LIBRARIES = YES;
				BUNDLE_LOADER = "$(TEST_HOST)";
				CODE_SIGN_STYLE = Automatic;
				DEVELOPMENT_TEAM = WH57BD6FT7;
				INFOPLIST_FILE = TheFavoriteFilmAppTests/Info.plist;
				IPHONEOS_DEPLOYMENT_TARGET = 14.0;
				LD_RUNPATH_SEARCH_PATHS = (
					"$(inherited)",
					"@executable_path/Frameworks",
					"@loader_path/Frameworks",
				);
				PRODUCT_BUNDLE_IDENTIFIER = com.phoenixdev.TheFavoriteFilmAppTests;
				PRODUCT_NAME = "$(TARGET_NAME)";
				SWIFT_VERSION = 5.0;
				TARGETED_DEVICE_FAMILY = "1,2";
				TEST_HOST = "$(BUILT_PRODUCTS_DIR)/TheFavoriteFilmApp.app/TheFavoriteFilmApp";
			};
			name = Release;
		};
		6EA8D221253A18CE006F8C0D /* Debug */ = {
			isa = XCBuildConfiguration;
			buildSettings = {
				ALWAYS_EMBED_SWIFT_STANDARD_LIBRARIES = YES;
				CODE_SIGN_STYLE = Automatic;
				DEVELOPMENT_TEAM = WH57BD6FT7;
				INFOPLIST_FILE = TheFavoriteFilmAppUITests/Info.plist;
				LD_RUNPATH_SEARCH_PATHS = (
					"$(inherited)",
					"@executable_path/Frameworks",
					"@loader_path/Frameworks",
				);
				PRODUCT_BUNDLE_IDENTIFIER = com.phoenixdev.TheFavoriteFilmAppUITests;
				PRODUCT_NAME = "$(TARGET_NAME)";
				SWIFT_VERSION = 5.0;
				TARGETED_DEVICE_FAMILY = "1,2";
				TEST_TARGET_NAME = TheFavoriteFilmApp;
			};
			name = Debug;
		};
		6EA8D222253A18CE006F8C0D /* Release */ = {
			isa = XCBuildConfiguration;
			buildSettings = {
				ALWAYS_EMBED_SWIFT_STANDARD_LIBRARIES = YES;
				CODE_SIGN_STYLE = Automatic;
				DEVELOPMENT_TEAM = WH57BD6FT7;
				INFOPLIST_FILE = TheFavoriteFilmAppUITests/Info.plist;
				LD_RUNPATH_SEARCH_PATHS = (
					"$(inherited)",
					"@executable_path/Frameworks",
					"@loader_path/Frameworks",
				);
				PRODUCT_BUNDLE_IDENTIFIER = com.phoenixdev.TheFavoriteFilmAppUITests;
				PRODUCT_NAME = "$(TARGET_NAME)";
				SWIFT_VERSION = 5.0;
				TARGETED_DEVICE_FAMILY = "1,2";
				TEST_TARGET_NAME = TheFavoriteFilmApp;
			};
			name = Release;
		};
/* End XCBuildConfiguration section */

/* Begin XCConfigurationList section */
		6EA8D1E8253A18CC006F8C0D /* Build configuration list for PBXProject "TheFavoriteFilmApp" */ = {
			isa = XCConfigurationList;
			buildConfigurations = (
				6EA8D218253A18CE006F8C0D /* Debug */,
				6EA8D219253A18CE006F8C0D /* Release */,
			);
			defaultConfigurationIsVisible = 0;
			defaultConfigurationName = Release;
		};
		6EA8D21A253A18CE006F8C0D /* Build configuration list for PBXNativeTarget "TheFavoriteFilmApp" */ = {
			isa = XCConfigurationList;
			buildConfigurations = (
				6EA8D21B253A18CE006F8C0D /* Debug */,
				6EA8D21C253A18CE006F8C0D /* Release */,
			);
			defaultConfigurationIsVisible = 0;
			defaultConfigurationName = Release;
		};
		6EA8D21D253A18CE006F8C0D /* Build configuration list for PBXNativeTarget "TheFavoriteFilmAppTests" */ = {
			isa = XCConfigurationList;
			buildConfigurations = (
				6EA8D21E253A18CE006F8C0D /* Debug */,
				6EA8D21F253A18CE006F8C0D /* Release */,
			);
			defaultConfigurationIsVisible = 0;
			defaultConfigurationName = Release;
		};
		6EA8D220253A18CE006F8C0D /* Build configuration list for PBXNativeTarget "TheFavoriteFilmAppUITests" */ = {
			isa = XCConfigurationList;
			buildConfigurations = (
				6EA8D221253A18CE006F8C0D /* Debug */,
				6EA8D222253A18CE006F8C0D /* Release */,
			);
			defaultConfigurationIsVisible = 0;
			defaultConfigurationName = Release;
		};
/* End XCConfigurationList section */

/* Begin XCVersionGroup section */
		6EA8D1F9253A18CC006F8C0D /* TheFavoriteFilmApp.xcdatamodeld */ = {
			isa = XCVersionGroup;
			children = (
				6EA8D1FA253A18CC006F8C0D /* TheFavoriteFilmApp.xcdatamodel */,
			);
			currentVersion = 6EA8D1FA253A18CC006F8C0D /* TheFavoriteFilmApp.xcdatamodel */;
			path = TheFavoriteFilmApp.xcdatamodeld;
			sourceTree = "<group>";
			versionGroupType = wrapper.xcdatamodel;
		};
/* End XCVersionGroup section */
	};
	rootObject = 6EA8D1E5253A18CC006F8C0D /* Project object */;
}
